// !$*UTF8*$!
{
	archiveVersion = 1;
	classes = {
	};
	objectVersion = 46;
	objects = {

/* Begin PBXBuildFile section */
		E1041D2F1F7331C500F914FE /* AppDelegate.swift in Sources */ = {isa = PBXBuildFile; fileRef = E1041D2E1F7331C500F914FE /* AppDelegate.swift */; };
		E1041D311F7331C500F914FE /* ViewController.swift in Sources */ = {isa = PBXBuildFile; fileRef = E1041D301F7331C500F914FE /* ViewController.swift */; };
		E1041D341F7331C500F914FE /* Main.storyboard in Resources */ = {isa = PBXBuildFile; fileRef = E1041D321F7331C500F914FE /* Main.storyboard */; };
		E1041D361F7331C500F914FE /* Assets.xcassets in Resources */ = {isa = PBXBuildFile; fileRef = E1041D351F7331C500F914FE /* Assets.xcassets */; };
		E1041D391F7331C500F914FE /* LaunchScreen.storyboard in Resources */ = {isa = PBXBuildFile; fileRef = E1041D371F7331C500F914FE /* LaunchScreen.storyboard */; };
/* End PBXBuildFile section */

/* Begin PBXFileReference section */
		E1041D2B1F7331C500F914FE /* Intermidiate-User-Interaction.app */ = {isa = PBXFileReference; explicitFileType = wrapper.application; includeInIndex = 0; path = "Intermidiate-User-Interaction.app"; sourceTree = BUILT_PRODUCTS_DIR; };
		E1041D2E1F7331C500F914FE /* AppDelegate.swift */ = {isa = PBXFileReference; lastKnownFileType = sourcecode.swift; path = AppDelegate.swift; sourceTree = "<group>"; };
		E1041D301F7331C500F914FE /* ViewController.swift */ = {isa = PBXFileReference; lastKnownFileType = sourcecode.swift; path = ViewController.swift; sourceTree = "<group>"; };
		E1041D331F7331C500F914FE /* Base */ = {isa = PBXFileReference; lastKnownFileType = file.storyboard; name = Base; path = Base.lproj/Main.storyboard; sourceTree = "<group>"; };
		E1041D351F7331C500F914FE /* Assets.xcassets */ = {isa = PBXFileReference; lastKnownFileType = folder.assetcatalog; path = Assets.xcassets; sourceTree = "<group>"; };
		E1041D381F7331C500F914FE /* Base */ = {isa = PBXFileReference; lastKnownFileType = file.storyboard; name = Base; path = Base.lproj/LaunchScreen.storyboard; sourceTree = "<group>"; };
		E1041D3A1F7331C500F914FE /* Info.plist */ = {isa = PBXFileReference; lastKnownFileType = text.plist.xml; path = Info.plist; sourceTree = "<group>"; };
/* End PBXFileReference section */

/* Begin PBXFrameworksBuildPhase section */
		E1041D281F7331C500F914FE /* Frameworks */ = {
			isa = PBXFrameworksBuildPhase;
			buildActionMask = 2147483647;
			files = (
			);
			runOnlyForDeploymentPostprocessing = 0;
		};
/* End PBXFrameworksBuildPhase section */

/* Begin PBXGroup section */
		E1041D221F7331C500F914FE = {
			isa = PBXGroup;
			children = (
				E1041D2D1F7331C500F914FE /* Intermidiate-User-Interaction */,
				E1041D2C1F7331C500F914FE /* Products */,
			);
			sourceTree = "<group>";
		};
		E1041D2C1F7331C500F914FE /* Products */ = {
			isa = PBXGroup;
			children = (
				E1041D2B1F7331C500F914FE /* Intermidiate-User-Interaction.app */,
			);
			name = Products;
			sourceTree = "<group>";
		};
		E1041D2D1F7331C500F914FE /* Intermidiate-User-Interaction */ = {
			isa = PBXGroup;
			children = (
				E1041D2E1F7331C500F914FE /* AppDelegate.swift */,
				E1041D301F7331C500F914FE /* ViewController.swift */,
				E1041D321F7331C500F914FE /* Main.storyboard */,
				E1041D351F7331C500F914FE /* Assets.xcassets */,
				E1041D371F7331C500F914FE /* LaunchScreen.storyboard */,
				E1041D3A1F7331C500F914FE /* Info.plist */,
			);
			path = "Intermidiate-User-Interaction";
			sourceTree = "<group>";
		};
/* End PBXGroup section */

/* Begin PBXNativeTarget section */
		E1041D2A1F7331C500F914FE /* Intermidiate-User-Interaction */ = {
			isa = PBXNativeTarget;
			buildConfigurationList = E1041D3D1F7331C500F914FE /* Build configuration list for PBXNativeTarget "Intermidiate-User-Interaction" */;
			buildPhases = (
				E1041D271F7331C500F914FE /* Sources */,
				E1041D281F7331C500F914FE /* Frameworks */,
				E1041D291F7331C500F914FE /* Resources */,
			);
			buildRules = (
			);
			dependencies = (
			);
			name = "Intermidiate-User-Interaction";
			productName = "Intermidiate-User-Interaction";
			productReference = E1041D2B1F7331C500F914FE /* Intermidiate-User-Interaction.app */;
			productType = "com.apple.product-type.application";
		};
/* End PBXNativeTarget section */

/* Begin PBXProject section */
		E1041D231F7331C500F914FE /* Project object */ = {
			isa = PBXProject;
			attributes = {
				LastSwiftUpdateCheck = 0830;
				LastUpgradeCheck = 0830;
				ORGANIZATIONNAME = "Robert Argume";
				TargetAttributes = {
					E1041D2A1F7331C500F914FE = {
						CreatedOnToolsVersion = 8.3.3;
						DevelopmentTeam = 2BULHRS882;
						ProvisioningStyle = Automatic;
					};
				};
			};
			buildConfigurationList = E1041D261F7331C500F914FE /* Build configuration list for PBXProject "Intermidiate-User-Interaction" */;
			compatibilityVersion = "Xcode 3.2";
			developmentRegion = English;
			hasScannedForEncodings = 0;
			knownRegions = (
				en,
				Base,
			);
			mainGroup = E1041D221F7331C500F914FE;
			productRefGroup = E1041D2C1F7331C500F914FE /* Products */;
			projectDirPath = "";
			projectRoot = "";
			targets = (
				E1041D2A1F7331C500F914FE /* Intermidiate-User-Interaction */,
			);
		};
/* End PBXProject section */

/* Begin PBXResourcesBuildPhase section */
		E1041D291F7331C500F914FE /* Resources */ = {
			isa = PBXResourcesBuildPhase;
			buildActionMask = 2147483647;
			files = (
				E1041D391F7331C500F914FE /* LaunchScreen.storyboard in Resources */,
				E1041D361F7331C500F914FE /* Assets.xcassets in Resources */,
				E1041D341F7331C500F914FE /* Main.storyboard in Resources */,
			);
			runOnlyForDeploymentPostprocessing = 0;
		};
/* End PBXResourcesBuildPhase section */

/* Begin PBXSourcesBuildPhase section */
		E1041D271F7331C500F914FE /* Sources */ = {
			isa = PBXSourcesBuildPhase;
			buildActionMask = 2147483647;
			files = (
				E1041D311F7331C500F914FE /* ViewController.swift in Sources */,
				E1041D2F1F7331C500F914FE /* AppDelegate.swift in Sources */,
			);
			runOnlyForDeploymentPostprocessing = 0;
		};
/* End PBXSourcesBuildPhase section */

/* Begin PBXVariantGroup section */
		E1041D321F7331C500F914FE /* Main.storyboard */ = {
			isa = PBXVariantGroup;
			children = (
				E1041D331F7331C500F914FE /* Base */,
			);
			name = Main.storyboard;
			sourceTree = "<group>";
		};
		E1041D371F7331C500F914FE /* LaunchScreen.storyboard */ = {
			isa = PBXVariantGroup;
			children = (
				E1041D381F7331C500F914FE /* Base */,
			);
			name = LaunchScreen.storyboard;
			sourceTree = "<group>";
		};
/* End PBXVariantGroup section */

/* Begin XCBuildConfiguration section */
		E1041D3B1F7331C500F914FE /* Debug */ = {
			isa = XCBuildConfiguration;
			buildSettings = {
				ALWAYS_SEARCH_USER_PATHS = NO;
				CLANG_ANALYZER_NONNULL = YES;
				CLANG_ANALYZER_NUMBER_OBJECT_CONVERSION = YES_AGGRESSIVE;
				CLANG_CXX_LANGUAGE_STANDARD = "gnu++0x";
				CLANG_CXX_LIBRARY = "libc++";
				CLANG_ENABLE_MODULES = YES;
				CLANG_ENABLE_OBJC_ARC = YES;
				CLANG_WARN_BOOL_CONVERSION = YES;
				CLANG_WARN_CONSTANT_CONVERSION = YES;
				CLANG_WARN_DIRECT_OBJC_ISA_USAGE = YES_ERROR;
				CLANG_WARN_DOCUMENTATION_COMMENTS = YES;
				CLANG_WARN_EMPTY_BODY = YES;
				CLANG_WARN_ENUM_CONVERSION = YES;
				CLANG_WARN_INFINITE_RECURSION = YES;
				CLANG_WARN_INT_CONVERSION = YES;
				CLANG_WARN_OBJC_ROOT_CLASS = YES_ERROR;
				CLANG_WARN_SUSPICIOUS_MOVE = YES;
				CLANG_WARN_UNREACHABLE_CODE = YES;
				CLANG_WARN__DUPLICATE_METHOD_MATCH = YES;
				"CODE_SIGN_IDENTITY[sdk=iphoneos*]" = "iPhone Developer";
				COPY_PHASE_STRIP = NO;
				DEBUG_INFORMATION_FORMAT = dwarf;
				ENABLE_STRICT_OBJC_MSGSEND = YES;
				ENABLE_TESTABILITY = YES;
				GCC_C_LANGUAGE_STANDARD = gnu99;
				GCC_DYNAMIC_NO_PIC = NO;
				GCC_NO_COMMON_BLOCKS = YES;
				GCC_OPTIMIZATION_LEVEL = 0;
				GCC_PREPROCESSOR_DEFINITIONS = (
					"DEBUG=1",
					"$(inherited)",
				);
				GCC_WARN_64_TO_32_BIT_CONVERSION = YES;
				GCC_WARN_ABOUT_RETURN_TYPE = YES_ERROR;
				GCC_WARN_UNDECLARED_SELECTOR = YES;
				GCC_WARN_UNINITIALIZED_AUTOS = YES_AGGRESSIVE;
				GCC_WARN_UNUSED_FUNCTION = YES;
				GCC_WARN_UNUSED_VARIABLE = YES;
				IPHONEOS_DEPLOYMENT_TARGET = 10.3;
				MTL_ENABLE_DEBUG_INFO = YES;
				ONLY_ACTIVE_ARCH = YES;
				SDKROOT = iphoneos;
				SWIFT_ACTIVE_COMPILATION_CONDITIONS = DEBUG;
				SWIFT_OPTIMIZATION_LEVEL = "-Onone";
				TARGETED_DEVICE_FAMILY = "1,2";
			};
			name = Debug;
		};
		E1041D3C1F7331C500F914FE /* Release */ = {
			isa = XCBuildConfiguration;
			buildSettings = {
				ALWAYS_SEARCH_USER_PATHS = NO;
				CLANG_ANALYZER_NONNULL = YES;
				CLANG_ANALYZER_NUMBER_OBJECT_CONVERSION = YES_AGGRESSIVE;
				CLANG_CXX_LANGUAGE_STANDARD = "gnu++0x";
				CLANG_CXX_LIBRARY = "libc++";
				CLANG_ENABLE_MODULES = YES;
				CLANG_ENABLE_OBJC_ARC = YES;
				CLANG_WARN_BOOL_CONVERSION = YES;
				CLANG_WARN_CONSTANT_CONVERSION = YES;
				CLANG_WARN_DIRECT_OBJC_ISA_USAGE = YES_ERROR;
				CLANG_WARN_DOCUMENTATION_COMMENTS = YES;
				CLANG_WARN_EMPTY_BODY = YES;
				CLANG_WARN_ENUM_CONVERSION = YES;
				CLANG_WARN_INFINITE_RECURSION = YES;
				CLANG_WARN_INT_CONVERSION = YES;
				CLANG_WARN_OBJC_ROOT_CLASS = YES_ERROR;
				CLANG_WARN_SUSPICIOUS_MOVE = YES;
				CLANG_WARN_UNREACHABLE_CODE = YES;
				CLANG_WARN__DUPLICATE_METHOD_MATCH = YES;
				"CODE_SIGN_IDENTITY[sdk=iphoneos*]" = "iPhone Developer";
				COPY_PHASE_STRIP = NO;
				DEBUG_INFORMATION_FORMAT = "dwarf-with-dsym";
				ENABLE_NS_ASSERTIONS = NO;
				ENABLE_STRICT_OBJC_MSGSEND = YES;
				GCC_C_LANGUAGE_STANDARD = gnu99;
				GCC_NO_COMMON_BLOCKS = YES;
				GCC_WARN_64_TO_32_BIT_CONVERSION = YES;
				GCC_WARN_ABOUT_RETURN_TYPE = YES_ERROR;
				GCC_WARN_UNDECLARED_SELECTOR = YES;
				GCC_WARN_UNINITIALIZED_AUTOS = YES_AGGRESSIVE;
				GCC_WARN_UNUSED_FUNCTION = YES;
				GCC_WARN_UNUSED_VARIABLE = YES;
				IPHONEOS_DEPLOYMENT_TARGET = 10.3;
				MTL_ENABLE_DEBUG_INFO = NO;
				SDKROOT = iphoneos;
				SWIFT_OPTIMIZATION_LEVEL = "-Owholemodule";
				TARGETED_DEVICE_FAMILY = "1,2";
				VALIDATE_PRODUCT = YES;
			};
			name = Release;
		};
		E1041D3E1F7331C500F914FE /* Debug */ = {
			isa = XCBuildConfiguration;
			buildSettings = {
				ASSETCATALOG_COMPILER_APPICON_NAME = AppIcon;
				DEVELOPMENT_TEAM = 2BULHRS882;
				INFOPLIST_FILE = "Intermidiate-User-Interaction/Info.plist";
				LD_RUNPATH_SEARCH_PATHS = "$(inherited) @executable_path/Frameworks";
				PRODUCT_BUNDLE_IDENTIFIER = "ca.centennialcollege.Intermidiate-User-Interaction";
				PRODUCT_NAME = "$(TARGET_NAME)";
				SWIFT_VERSION = 3.0;
			};
			name = Debug;
		};
		E1041D3F1F7331C500F914FE /* Release */ = {
			isa = XCBuildConfiguration;
			buildSettings = {
				ASSETCATALOG_COMPILER_APPICON_NAME = AppIcon;
				DEVELOPMENT_TEAM = 2BULHRS882;
				INFOPLIST_FILE = "Intermidiate-User-Interaction/Info.plist";
				LD_RUNPATH_SEARCH_PATHS = "$(inherited) @executable_path/Frameworks";
				PRODUCT_BUNDLE_IDENTIFIER = "ca.centennialcollege.Intermidiate-User-Interaction";
				PRODUCT_NAME = "$(TARGET_NAME)";
				SWIFT_VERSION = 3.0;
			};
			name = Release;
		};
/* End XCBuildConfiguration section */

/* Begin XCConfigurationList section */
		E1041D261F7331C500F914FE /* Build configuration list for PBXProject "Intermidiate-User-Interaction" */ = {
			isa = XCConfigurationList;
			buildConfigurations = (
				E1041D3B1F7331C500F914FE /* Debug */,
				E1041D3C1F7331C500F914FE /* Release */,
			);
			defaultConfigurationIsVisible = 0;
			defaultConfigurationName = Release;
		};
		E1041D3D1F7331C500F914FE /* Build configuration list for PBXNativeTarget "Intermidiate-User-Interaction" */ = {
			isa = XCConfigurationList;
			buildConfigurations = (
				E1041D3E1F7331C500F914FE /* Debug */,
				E1041D3F1F7331C500F914FE /* Release */,
			);
			defaultConfigurationIsVisible = 0;
		};
/* End XCConfigurationList section */
	};
	rootObject = E1041D231F7331C500F914FE /* Project object */;
}
